
Microsoft Visual Studio Solution File, Format Version 12.00
# Visual Studio 15
VisualStudioVersion = 15.0.28307.779
MinimumVisualStudioVersion = 10.0.40219.1
Project("{FAE04EC0-301F-11D3-BF4B-00C04F79EFBC}") = "socketChat", "socketChat\socketChat.csproj", "{5F657007-A2A4-4A34-B976-6215AF842DB8}"
EndProject
Global
	GlobalSection(SolutionConfigurationPlatforms) = preSolution
		Debug|Any CPU = Debug|Any CPU
		Release|Any CPU = Release|Any CPU
	EndGlobalSection
	GlobalSection(ProjectConfigurationPlatforms) = postSolution
		{5F657007-A2A4-4A34-B976-6215AF842DB8}.Debug|Any CPU.ActiveCfg = Debug|Any CPU
		{5F657007-A2A4-4A34-B976-6215AF842DB8}.Debug|Any CPU.Build.0 = Debug|Any CPU
		{5F657007-A2A4-4A34-B976-6215AF842DB8}.Release|Any CPU.ActiveCfg = Release|Any CPU
		{5F657007-A2A4-4A34-B976-6215AF842DB8}.Release|Any CPU.Build.0 = Release|Any CPU
	EndGlobalSection
	GlobalSection(SolutionProperties) = preSolution
		HideSolutionNode = FALSE
	EndGlobalSection
	GlobalSection(ExtensibilityGlobals) = postSolution
		SolutionGuid = {95B3A2C7-48E2-4C2F-BDC8-0B6B7358EBC0}
	EndGlobalSection
EndGlobal
